
Microsoft Visual Studio Solution File, Format Version 12.00
# Visual Studio Version 16
VisualStudioVersion = 16.0.29519.181
MinimumVisualStudioVersion = 10.0.40219.1
Project("{9A19103F-16F7-4668-BE54-9A1E7A4F7556}") = "MockupForBusiness", "MockupForBusiness\MockupForBusiness.csproj", "{4DB7266B-658E-414A-9752-1EA0764F3F72}"
EndProject
Project("{FAE04EC0-301F-11D3-BF4B-00C04F79EFBC}") = "Database", "Database\Database.csproj", "{A1D8E860-5DB5-4062-A7EA-BA92972D04B5}"
EndProject
Project("{FAE04EC0-301F-11D3-BF4B-00C04F79EFBC}") = "DAL", "DAL\DAL.csproj", "{35D97044-FFD0-4515-A861-AA095AF9BB98}"
EndProject
Project("{FAE04EC0-301F-11D3-BF4B-00C04F79EFBC}") = "Infrastructure", "Infrastructure\Infrastructure.csproj", "{7B5BAD33-6C94-445E-BB3A-525BBD455E57}"
EndProject
Project("{FAE04EC0-301F-11D3-BF4B-00C04F79EFBC}") = "FunctionApp1", "FunctionApp1\FunctionApp1.csproj", "{2BA92B8D-2246-48AD-9E53-94E14BE1657B}"
EndProject
Global
	GlobalSection(SolutionConfigurationPlatforms) = preSolution
		Debug|Any CPU = Debug|Any CPU
		Release|Any CPU = Release|Any CPU
	EndGlobalSection
	GlobalSection(ProjectConfigurationPlatforms) = postSolution
		{4DB7266B-658E-414A-9752-1EA0764F3F72}.Debug|Any CPU.ActiveCfg = Debug|Any CPU
		{4DB7266B-658E-414A-9752-1EA0764F3F72}.Debug|Any CPU.Build.0 = Debug|Any CPU
		{4DB7266B-658E-414A-9752-1EA0764F3F72}.Release|Any CPU.ActiveCfg = Release|Any CPU
		{4DB7266B-658E-414A-9752-1EA0764F3F72}.Release|Any CPU.Build.0 = Release|Any CPU
		{A1D8E860-5DB5-4062-A7EA-BA92972D04B5}.Debug|Any CPU.ActiveCfg = Debug|Any CPU
		{A1D8E860-5DB5-4062-A7EA-BA92972D04B5}.Debug|Any CPU.Build.0 = Debug|Any CPU
		{A1D8E860-5DB5-4062-A7EA-BA92972D04B5}.Release|Any CPU.ActiveCfg = Release|Any CPU
		{A1D8E860-5DB5-4062-A7EA-BA92972D04B5}.Release|Any CPU.Build.0 = Release|Any CPU
		{35D97044-FFD0-4515-A861-AA095AF9BB98}.Debug|Any CPU.ActiveCfg = Debug|Any CPU
		{35D97044-FFD0-4515-A861-AA095AF9BB98}.Debug|Any CPU.Build.0 = Debug|Any CPU
		{35D97044-FFD0-4515-A861-AA095AF9BB98}.Release|Any CPU.ActiveCfg = Release|Any CPU
		{35D97044-FFD0-4515-A861-AA095AF9BB98}.Release|Any CPU.Build.0 = Release|Any CPU
		{7B5BAD33-6C94-445E-BB3A-525BBD455E57}.Debug|Any CPU.ActiveCfg = Debug|Any CPU
		{7B5BAD33-6C94-445E-BB3A-525BBD455E57}.Debug|Any CPU.Build.0 = Debug|Any CPU
		{7B5BAD33-6C94-445E-BB3A-525BBD455E57}.Release|Any CPU.ActiveCfg = Release|Any CPU
		{7B5BAD33-6C94-445E-BB3A-525BBD455E57}.Release|Any CPU.Build.0 = Release|Any CPU
		{2BA92B8D-2246-48AD-9E53-94E14BE1657B}.Debug|Any CPU.ActiveCfg = Debug|Any CPU
		{2BA92B8D-2246-48AD-9E53-94E14BE1657B}.Debug|Any CPU.Build.0 = Debug|Any CPU
		{2BA92B8D-2246-48AD-9E53-94E14BE1657B}.Release|Any CPU.ActiveCfg = Release|Any CPU
		{2BA92B8D-2246-48AD-9E53-94E14BE1657B}.Release|Any CPU.Build.0 = Release|Any CPU
	EndGlobalSection
	GlobalSection(SolutionProperties) = preSolution
		HideSolutionNode = FALSE
	EndGlobalSection
	GlobalSection(ExtensibilityGlobals) = postSolution
		SolutionGuid = {9D0309EE-4DCF-4190-9ADB-F4CCFBD56314}
	EndGlobalSection
EndGlobal
